
Microsoft Visual Studio Solution File, Format Version 12.00
# Visual Studio Version 17
VisualStudioVersion = 17.7.34221.43
MinimumVisualStudioVersion = 10.0.40219.1
Project("{FAE04EC0-301F-11D3-BF4B-00C04F79EFBC}") = "GamelionPak", "GamelionPak\GamelionPak.csproj", "{F931500A-52D4-4FC2-92AA-AC38108EFC0E}"
EndProject
Global
	GlobalSection(SolutionConfigurationPlatforms) = preSolution
		Debug|Any CPU = Debug|Any CPU
		Release|Any CPU = Release|Any CPU
	EndGlobalSection
	GlobalSection(ProjectConfigurationPlatforms) = postSolution
		{F931500A-52D4-4FC2-92AA-AC38108EFC0E}.Debug|Any CPU.ActiveCfg = Debug|Any CPU
		{F931500A-52D4-4FC2-92AA-AC38108EFC0E}.Debug|Any CPU.Build.0 = Debug|Any CPU
		{F931500A-52D4-4FC2-92AA-AC38108EFC0E}.Release|Any CPU.ActiveCfg = Release|Any CPU
		{F931500A-52D4-4FC2-92AA-AC38108EFC0E}.Release|Any CPU.Build.0 = Release|Any CPU
	EndGlobalSection
	GlobalSection(SolutionProperties) = preSolution
		HideSolutionNode = FALSE
	EndGlobalSection
	GlobalSection(ExtensibilityGlobals) = postSolution
		SolutionGuid = {894C00BC-589D-4EC1-8F24-ABD4F6CBDBCA}
	EndGlobalSection
EndGlobal
